
Microsoft Visual Studio Solution File, Format Version 12.00
# Visual Studio 15
Project("{F2A71F9B-5D33-465A-A702-920D77279786}") = "jiratool", "fd-jira/jiratool.fsproj", "{0ECA77DD-D949-4956-9629-E21EBAD4BAF7}"
EndProject
Global
	GlobalSection(SolutionConfigurationPlatforms) = preSolution
		Debug|Any CPU = Debug|Any CPU
		Release|Any CPU = Release|Any CPU
	EndGlobalSection
	GlobalSection(ProjectConfigurationPlatforms) = postSolution
		{0ECA77DD-D949-4956-9629-E21EBAD4BAF7}.Debug|Any CPU.ActiveCfg = Debug|Any CPU
		{0ECA77DD-D949-4956-9629-E21EBAD4BAF7}.Debug|Any CPU.Build.0 = Debug|Any CPU
		{0ECA77DD-D949-4956-9629-E21EBAD4BAF7}.Release|Any CPU.ActiveCfg = Release|Any CPU
		{0ECA77DD-D949-4956-9629-E21EBAD4BAF7}.Release|Any CPU.Build.0 = Release|Any CPU
	EndGlobalSection
EndGlobal
